{
    "hash": "e95b31bb70372b6385d24f6e91533832",
    "packages": [
        {
            "name": "symfony/console",
            "version": "2.1.x-dev",
            "target-dir": "Symfony/Component/Console",
            "source": {
                "type": "git",
                "url": "https://github.com/symfony/Console",
                "reference": "331ee1ef8b7cd2c9bf2daba5511d6ce145b62f00"
            },
            "dist": {
                "type": "zip",
                "url": "https://github.com/symfony/Console/archive/331ee1ef8b7cd2c9bf2daba5511d6ce145b62f00.zip",
                "reference": "331ee1ef8b7cd2c9bf2daba5511d6ce145b62f00",
                "shasum": ""
            },
            "require": {
                "php": ">=5.3.3"
            },
            "time": "2013-01-05 20:33:45",
            "type": "library",
            "installation-source": "dist",
            "autoload": {
                "psr-0": {
                    "Symfony\\Component\\Console": ""
                }
            },
            "notification-url": "https://packagist.org/downloads/",
            "license": [
                "MIT"
            ],
            "authors": [
                {
                    "name": "Fabien Potencier",
                    "email": "fabien@symfony.com"
                },
                {
                    "name": "Symfony Community",
                    "homepage": "http://symfony.com/contributors"
                }
            ],
            "description": "Symfony Console Component",
            "homepage": "http://symfony.com"
        }
    ],
    "packages-dev": [

    ],
    "aliases": [

    ],
    "minimum-stability": "dev",
    "stability-flags": [

    ]
}
